// !$*UTF8*$!
{
	archiveVersion = 1;
	classes = {
	};
	objectVersion = 55;
	objects = {

/* Begin PBXBuildFile section */
		DC24784C2757895D00717920 /* AppDelegate.swift in Sources */ = {isa = PBXBuildFile; fileRef = DC24784B2757895D00717920 /* AppDelegate.swift */; };
		DC24784E2757895D00717920 /* SceneDelegate.swift in Sources */ = {isa = PBXBuildFile; fileRef = DC24784D2757895D00717920 /* SceneDelegate.swift */; };
		DC2478502757895D00717920 /* ViewController.swift in Sources */ = {isa = PBXBuildFile; fileRef = DC24784F2757895D00717920 /* ViewController.swift */; };
		DC2478532757895D00717920 /* Main.storyboard in Resources */ = {isa = PBXBuildFile; fileRef = DC2478512757895D00717920 /* Main.storyboard */; };
		DC2478552757896000717920 /* Assets.xcassets in Resources */ = {isa = PBXBuildFile; fileRef = DC2478542757896000717920 /* Assets.xcassets */; };
		DC2478582757896000717920 /* LaunchScreen.storyboard in Resources */ = {isa = PBXBuildFile; fileRef = DC2478562757896000717920 /* LaunchScreen.storyboard */; };
		DC2D2B5427578FAC00C01350 /* ViewTabelViewController.swift in Sources */ = {isa = PBXBuildFile; fileRef = DC2D2B5327578FAC00C01350 /* ViewTabelViewController.swift */; };
		DC2D2B5627578FC000C01350 /* ViewDesplayController.swift in Sources */ = {isa = PBXBuildFile; fileRef = DC2D2B5527578FC000C01350 /* ViewDesplayController.swift */; };
		DC2D2B5827578FD100C01350 /* Items.swift in Sources */ = {isa = PBXBuildFile; fileRef = DC2D2B5727578FD100C01350 /* Items.swift */; };
/* End PBXBuildFile section */

/* Begin PBXFileReference section */
		DC2478482757895D00717920 /* ToAfaf.app */ = {isa = PBXFileReference; explicitFileType = wrapper.application; includeInIndex = 0; path = ToAfaf.app; sourceTree = BUILT_PRODUCTS_DIR; };
		DC24784B2757895D00717920 /* AppDelegate.swift */ = {isa = PBXFileReference; lastKnownFileType = sourcecode.swift; path = AppDelegate.swift; sourceTree = "<group>"; };
		DC24784D2757895D00717920 /* SceneDelegate.swift */ = {isa = PBXFileReference; lastKnownFileType = sourcecode.swift; path = SceneDelegate.swift; sourceTree = "<group>"; };
		DC24784F2757895D00717920 /* ViewController.swift */ = {isa = PBXFileReference; lastKnownFileType = sourcecode.swift; path = ViewController.swift; sourceTree = "<group>"; };
		DC2478522757895D00717920 /* Base */ = {isa = PBXFileReference; lastKnownFileType = file.storyboard; name = Base; path = Base.lproj/Main.storyboard; sourceTree = "<group>"; };
		DC2478542757896000717920 /* Assets.xcassets */ = {isa = PBXFileReference; lastKnownFileType = folder.assetcatalog; path = Assets.xcassets; sourceTree = "<group>"; };
		DC2478572757896000717920 /* Base */ = {isa = PBXFileReference; lastKnownFileType = file.storyboard; name = Base; path = Base.lproj/LaunchScreen.storyboard; sourceTree = "<group>"; };
		DC2478592757896000717920 /* Info.plist */ = {isa = PBXFileReference; lastKnownFileType = text.plist.xml; path = Info.plist; sourceTree = "<group>"; };
		DC2D2B5327578FAC00C01350 /* ViewTabelViewController.swift */ = {isa = PBXFileReference; lastKnownFileType = sourcecode.swift; path = ViewTabelViewController.swift; sourceTree = "<group>"; };
		DC2D2B5527578FC000C01350 /* ViewDesplayController.swift */ = {isa = PBXFileReference; lastKnownFileType = sourcecode.swift; path = ViewDesplayController.swift; sourceTree = "<group>"; };
		DC2D2B5727578FD100C01350 /* Items.swift */ = {isa = PBXFileReference; lastKnownFileType = sourcecode.swift; path = Items.swift; sourceTree = "<group>"; };
/* End PBXFileReference section */

/* Begin PBXFrameworksBuildPhase section */
		DC2478452757895D00717920 /* Frameworks */ = {
			isa = PBXFrameworksBuildPhase;
			buildActionMask = 2147483647;
			files = (
			);
			runOnlyForDeploymentPostprocessing = 0;
		};
/* End PBXFrameworksBuildPhase section */

/* Begin PBXGroup section */
		DC24783F2757895D00717920 = {
			isa = PBXGroup;
			children = (
				DC24784A2757895D00717920 /* ToAfaf */,
				DC2478492757895D00717920 /* Products */,
			);
			sourceTree = "<group>";
		};
		DC2478492757895D00717920 /* Products */ = {
			isa = PBXGroup;
			children = (
				DC2478482757895D00717920 /* ToAfaf.app */,
			);
			name = Products;
			sourceTree = "<group>";
		};
		DC24784A2757895D00717920 /* ToAfaf */ = {
			isa = PBXGroup;
			children = (
				DC2D2B5A27578FED00C01350 /* don't use */,
				DC2D2B5B2757901200C01350 /* Items */,
				DC2D2B5927578FD500C01350 /* Views */,
				DC2478512757895D00717920 /* Main.storyboard */,
				DC2478542757896000717920 /* Assets.xcassets */,
				DC2478562757896000717920 /* LaunchScreen.storyboard */,
				DC2478592757896000717920 /* Info.plist */,
			);
			path = ToAfaf;
			sourceTree = "<group>";
		};
		DC2D2B5927578FD500C01350 /* Views */ = {
			isa = PBXGroup;
			children = (
				DC24784F2757895D00717920 /* ViewController.swift */,
				DC2D2B5327578FAC00C01350 /* ViewTabelViewController.swift */,
				DC2D2B5527578FC000C01350 /* ViewDesplayController.swift */,
			);
			path = Views;
			sourceTree = "<group>";
		};
		DC2D2B5A27578FED00C01350 /* don't use */ = {
			isa = PBXGroup;
			children = (
				DC24784B2757895D00717920 /* AppDelegate.swift */,
				DC24784D2757895D00717920 /* SceneDelegate.swift */,
			);
			path = "don't use";
			sourceTree = "<group>";
		};
		DC2D2B5B2757901200C01350 /* Items */ = {
			isa = PBXGroup;
			children = (
				DC2D2B5727578FD100C01350 /* Items.swift */,
			);
			path = Items;
			sourceTree = "<group>";
		};
/* End PBXGroup section */

/* Begin PBXNativeTarget section */
		DC2478472757895D00717920 /* ToAfaf */ = {
			isa = PBXNativeTarget;
			buildConfigurationList = DC24785C2757896000717920 /* Build configuration list for PBXNativeTarget "ToAfaf" */;
			buildPhases = (
				DC2478442757895D00717920 /* Sources */,
				DC2478452757895D00717920 /* Frameworks */,
				DC2478462757895D00717920 /* Resources */,
			);
			buildRules = (
			);
			dependencies = (
			);
			name = ToAfaf;
			productName = ToAfaf;
			productReference = DC2478482757895D00717920 /* ToAfaf.app */;
			productType = "com.apple.product-type.application";
		};
/* End PBXNativeTarget section */

/* Begin PBXProject section */
		DC2478402757895D00717920 /* Project object */ = {
			isa = PBXProject;
			attributes = {
				BuildIndependentTargetsInParallel = 1;
				LastSwiftUpdateCheck = 1310;
				LastUpgradeCheck = 1310;
				TargetAttributes = {
					DC2478472757895D00717920 = {
						CreatedOnToolsVersion = 13.1;
					};
				};
			};
			buildConfigurationList = DC2478432757895D00717920 /* Build configuration list for PBXProject "ToAfaf" */;
			compatibilityVersion = "Xcode 13.0";
			developmentRegion = en;
			hasScannedForEncodings = 0;
			knownRegions = (
				en,
				Base,
			);
			mainGroup = DC24783F2757895D00717920;
			productRefGroup = DC2478492757895D00717920 /* Products */;
			projectDirPath = "";
			projectRoot = "";
			targets = (
				DC2478472757895D00717920 /* ToAfaf */,
			);
		};
/* End PBXProject section */

/* Begin PBXResourcesBuildPhase section */
		DC2478462757895D00717920 /* Resources */ = {
			isa = PBXResourcesBuildPhase;
			buildActionMask = 2147483647;
			files = (
				DC2478582757896000717920 /* LaunchScreen.storyboard in Resources */,
				DC2478552757896000717920 /* Assets.xcassets in Resources */,
				DC2478532757895D00717920 /* Main.storyboard in Resources */,
			);
			runOnlyForDeploymentPostprocessing = 0;
		};
/* End PBXResourcesBuildPhase section */

/* Begin PBXSourcesBuildPhase section */
		DC2478442757895D00717920 /* Sources */ = {
			isa = PBXSourcesBuildPhase;
			buildActionMask = 2147483647;
			files = (
				DC2D2B5627578FC000C01350 /* ViewDesplayController.swift in Sources */,
				DC2478502757895D00717920 /* ViewController.swift in Sources */,
				DC24784C2757895D00717920 /* AppDelegate.swift in Sources */,
				DC2D2B5427578FAC00C01350 /* ViewTabelViewController.swift in Sources */,
				DC2D2B5827578FD100C01350 /* Items.swift in Sources */,
				DC24784E2757895D00717920 /* SceneDelegate.swift in Sources */,
			);
			runOnlyForDeploymentPostprocessing = 0;
		};
/* End PBXSourcesBuildPhase section */

/* Begin PBXVariantGroup section */
		DC2478512757895D00717920 /* Main.storyboard */ = {
			isa = PBXVariantGroup;
			children = (
				DC2478522757895D00717920 /* Base */,
			);
			name = Main.storyboard;
			sourceTree = "<group>";
		};
		DC2478562757896000717920 /* LaunchScreen.storyboard */ = {
			isa = PBXVariantGroup;
			children = (
				DC2478572757896000717920 /* Base */,
			);
			name = LaunchScreen.storyboard;
			sourceTree = "<group>";
		};
/* End PBXVariantGroup section */

/* Begin XCBuildConfiguration section */
		DC24785A2757896000717920 /* Debug */ = {
			isa = XCBuildConfiguration;
			buildSettings = {
				ALWAYS_SEARCH_USER_PATHS = NO;
				CLANG_ANALYZER_NONNULL = YES;
				CLANG_ANALYZER_NUMBER_OBJECT_CONVERSION = YES_AGGRESSIVE;
				CLANG_CXX_LANGUAGE_STANDARD = "gnu++17";
				CLANG_CXX_LIBRARY = "libc++";
				CLANG_ENABLE_MODULES = YES;
				CLANG_ENABLE_OBJC_ARC = YES;
				CLANG_ENABLE_OBJC_WEAK = YES;
				CLANG_WARN_BLOCK_CAPTURE_AUTORELEASING = YES;
				CLANG_WARN_BOOL_CONVERSION = YES;
				CLANG_WARN_COMMA = YES;
				CLANG_WARN_CONSTANT_CONVERSION = YES;
				CLANG_WARN_DEPRECATED_OBJC_IMPLEMENTATIONS = YES;
				CLANG_WARN_DIRECT_OBJC_ISA_USAGE = YES_ERROR;
				CLANG_WARN_DOCUMENTATION_COMMENTS = YES;
				CLANG_WARN_EMPTY_BODY = YES;
				CLANG_WARN_ENUM_CONVERSION = YES;
				CLANG_WARN_INFINITE_RECURSION = YES;
				CLANG_WARN_INT_CONVERSION = YES;
				CLANG_WARN_NON_LITERAL_NULL_CONVERSION = YES;
				CLANG_WARN_OBJC_IMPLICIT_RETAIN_SELF = YES;
				CLANG_WARN_OBJC_LITERAL_CONVERSION = YES;
				CLANG_WARN_OBJC_ROOT_CLASS = YES_ERROR;
				CLANG_WARN_QUOTED_INCLUDE_IN_FRAMEWORK_HEADER = YES;
				CLANG_WARN_RANGE_LOOP_ANALYSIS = YES;
				CLANG_WARN_STRICT_PROTOTYPES = YES;
				CLANG_WARN_SUSPICIOUS_MOVE = YES;
				CLANG_WARN_UNGUARDED_AVAILABILITY = YES_AGGRESSIVE;
				CLANG_WARN_UNREACHABLE_CODE = YES;
				CLANG_WARN__DUPLICATE_METHOD_MATCH = YES;
				COPY_PHASE_STRIP = NO;
				DEBUG_INFORMATION_FORMAT = dwarf;
				ENABLE_STRICT_OBJC_MSGSEND = YES;
				ENABLE_TESTABILITY = YES;
				GCC_C_LANGUAGE_STANDARD = gnu11;
				GCC_DYNAMIC_NO_PIC = NO;
				GCC_NO_COMMON_BLOCKS = YES;
				GCC_OPTIMIZATION_LEVEL = 0;
				GCC_PREPROCESSOR_DEFINITIONS = (
					"DEBUG=1",
					"$(inherited)",
				);
				GCC_WARN_64_TO_32_BIT_CONVERSION = YES;
				GCC_WARN_ABOUT_RETURN_TYPE = YES_ERROR;
				GCC_WARN_UNDECLARED_SELECTOR = YES;
				GCC_WARN_UNINITIALIZED_AUTOS = YES_AGGRESSIVE;
				GCC_WARN_UNUSED_FUNCTION = YES;
				GCC_WARN_UNUSED_VARIABLE = YES;
				IPHONEOS_DEPLOYMENT_TARGET = 15.0;
				MTL_ENABLE_DEBUG_INFO = INCLUDE_SOURCE;
				MTL_FAST_MATH = YES;
				ONLY_ACTIVE_ARCH = YES;
				SDKROOT = iphoneos;
				SWIFT_ACTIVE_COMPILATION_CONDITIONS = DEBUG;
				SWIFT_OPTIMIZATION_LEVEL = "-Onone";
			};
			name = Debug;
		};
		DC24785B2757896000717920 /* Release */ = {
			isa = XCBuildConfiguration;
			buildSettings = {
				ALWAYS_SEARCH_USER_PATHS = NO;
				CLANG_ANALYZER_NONNULL = YES;
				CLANG_ANALYZER_NUMBER_OBJECT_CONVERSION = YES_AGGRESSIVE;
				CLANG_CXX_LANGUAGE_STANDARD = "gnu++17";
				CLANG_CXX_LIBRARY = "libc++";
				CLANG_ENABLE_MODULES = YES;
				CLANG_ENABLE_OBJC_ARC = YES;
				CLANG_ENABLE_OBJC_WEAK = YES;
				CLANG_WARN_BLOCK_CAPTURE_AUTORELEASING = YES;
				CLANG_WARN_BOOL_CONVERSION = YES;
				CLANG_WARN_COMMA = YES;
				CLANG_WARN_CONSTANT_CONVERSION = YES;
				CLANG_WARN_DEPRECATED_OBJC_IMPLEMENTATIONS = YES;
				CLANG_WARN_DIRECT_OBJC_ISA_USAGE = YES_ERROR;
				CLANG_WARN_DOCUMENTATION_COMMENTS = YES;
				CLANG_WARN_EMPTY_BODY = YES;
				CLANG_WARN_ENUM_CONVERSION = YES;
				CLANG_WARN_INFINITE_RECURSION = YES;
				CLANG_WARN_INT_CONVERSION = YES;
				CLANG_WARN_NON_LITERAL_NULL_CONVERSION = YES;
				CLANG_WARN_OBJC_IMPLICIT_RETAIN_SELF = YES;
				CLANG_WARN_OBJC_LITERAL_CONVERSION = YES;
				CLANG_WARN_OBJC_ROOT_CLASS = YES_ERROR;
				CLANG_WARN_QUOTED_INCLUDE_IN_FRAMEWORK_HEADER = YES;
				CLANG_WARN_RANGE_LOOP_ANALYSIS = YES;
				CLANG_WARN_STRICT_PROTOTYPES = YES;
				CLANG_WARN_SUSPICIOUS_MOVE = YES;
				CLANG_WARN_UNGUARDED_AVAILABILITY = YES_AGGRESSIVE;
				CLANG_WARN_UNREACHABLE_CODE = YES;
				CLANG_WARN__DUPLICATE_METHOD_MATCH = YES;
				COPY_PHASE_STRIP = NO;
				DEBUG_INFORMATION_FORMAT = "dwarf-with-dsym";
				ENABLE_NS_ASSERTIONS = NO;
				ENABLE_STRICT_OBJC_MSGSEND = YES;
				GCC_C_LANGUAGE_STANDARD = gnu11;
				GCC_NO_COMMON_BLOCKS = YES;
				GCC_WARN_64_TO_32_BIT_CONVERSION = YES;
				GCC_WARN_ABOUT_RETURN_TYPE = YES_ERROR;
				GCC_WARN_UNDECLARED_SELECTOR = YES;
				GCC_WARN_UNINITIALIZED_AUTOS = YES_AGGRESSIVE;
				GCC_WARN_UNUSED_FUNCTION = YES;
				GCC_WARN_UNUSED_VARIABLE = YES;
				IPHONEOS_DEPLOYMENT_TARGET = 15.0;
				MTL_ENABLE_DEBUG_INFO = NO;
				MTL_FAST_MATH = YES;
				SDKROOT = iphoneos;
				SWIFT_COMPILATION_MODE = wholemodule;
				SWIFT_OPTIMIZATION_LEVEL = "-O";
				VALIDATE_PRODUCT = YES;
			};
			name = Release;
		};
		DC24785D2757896000717920 /* Debug */ = {
			isa = XCBuildConfiguration;
			buildSettings = {
				ASSETCATALOG_COMPILER_APPICON_NAME = AppIcon;
				ASSETCATALOG_COMPILER_GLOBAL_ACCENT_COLOR_NAME = AccentColor;
				CODE_SIGN_STYLE = Automatic;
				CURRENT_PROJECT_VERSION = 1;
				GENERATE_INFOPLIST_FILE = YES;
				INFOPLIST_FILE = ToAfaf/Info.plist;
				INFOPLIST_KEY_UIApplicationSupportsIndirectInputEvents = YES;
				INFOPLIST_KEY_UILaunchStoryboardName = LaunchScreen;
				INFOPLIST_KEY_UIMainStoryboardFile = Main;
				INFOPLIST_KEY_UISupportedInterfaceOrientations_iPad = "UIInterfaceOrientationPortrait UIInterfaceOrientationPortraitUpsideDown UIInterfaceOrientationLandscapeLeft UIInterfaceOrientationLandscapeRight";
				INFOPLIST_KEY_UISupportedInterfaceOrientations_iPhone = "UIInterfaceOrientationPortrait UIInterfaceOrientationLandscapeLeft UIInterfaceOrientationLandscapeRight";
				LD_RUNPATH_SEARCH_PATHS = (
					"$(inherited)",
					"@executable_path/Frameworks",
				);
				MARKETING_VERSION = 1.0;
				PRODUCT_BUNDLE_IDENTIFIER = Belal.ToAfaf;
				PRODUCT_NAME = "$(TARGET_NAME)";
				SWIFT_EMIT_LOC_STRINGS = YES;
				SWIFT_VERSION = 5.0;
				TARGETED_DEVICE_FAMILY = "1,2";
			};
			name = Debug;
		};
		DC24785E2757896000717920 /* Release */ = {
			isa = XCBuildConfiguration;
			buildSettings = {
				ASSETCATALOG_COMPILER_APPICON_NAME = AppIcon;
				ASSETCATALOG_COMPILER_GLOBAL_ACCENT_COLOR_NAME = AccentColor;
				CODE_SIGN_STYLE = Automatic;
				CURRENT_PROJECT_VERSION = 1;
				GENERATE_INFOPLIST_FILE = YES;
				INFOPLIST_FILE = ToAfaf/Info.plist;
				INFOPLIST_KEY_UIApplicationSupportsIndirectInputEvents = YES;
				INFOPLIST_KEY_UILaunchStoryboardName = LaunchScreen;
				INFOPLIST_KEY_UIMainStoryboardFile = Main;
				INFOPLIST_KEY_UISupportedInterfaceOrientations_iPad = "UIInterfaceOrientationPortrait UIInterfaceOrientationPortraitUpsideDown UIInterfaceOrientationLandscapeLeft UIInterfaceOrientationLandscapeRight";
				INFOPLIST_KEY_UISupportedInterfaceOrientations_iPhone = "UIInterfaceOrientationPortrait UIInterfaceOrientationLandscapeLeft UIInterfaceOrientationLandscapeRight";
				LD_RUNPATH_SEARCH_PATHS = (
					"$(inherited)",
					"@executable_path/Frameworks",
				);
				MARKETING_VERSION = 1.0;
				PRODUCT_BUNDLE_IDENTIFIER = Belal.ToAfaf;
				PRODUCT_NAME = "$(TARGET_NAME)";
				SWIFT_EMIT_LOC_STRINGS = YES;
				SWIFT_VERSION = 5.0;
				TARGETED_DEVICE_FAMILY = "1,2";
			};
			name = Release;
		};
/* End XCBuildConfiguration section */

/* Begin XCConfigurationList section */
		DC2478432757895D00717920 /* Build configuration list for PBXProject "ToAfaf" */ = {
			isa = XCConfigurationList;
			buildConfigurations = (
				DC24785A2757896000717920 /* Debug */,
				DC24785B2757896000717920 /* Release */,
			);
			defaultConfigurationIsVisible = 0;
			defaultConfigurationName = Release;
		};
		DC24785C2757896000717920 /* Build configuration list for PBXNativeTarget "ToAfaf" */ = {
			isa = XCConfigurationList;
			buildConfigurations = (
				DC24785D2757896000717920 /* Debug */,
				DC24785E2757896000717920 /* Release */,
			);
			defaultConfigurationIsVisible = 0;
			defaultConfigurationName = Release;
		};
/* End XCConfigurationList section */
	};
	rootObject = DC2478402757895D00717920 /* Project object */;
}
