// !$*UTF8*$!
{
	archiveVersion = 1;
	classes = {
	};
	objectVersion = 55;
	objects = {

/* Begin PBXBuildFile section */
		ED24C7D0276F55FA00583D41 /* LandingViewController.swift in Sources */ = {isa = PBXBuildFile; fileRef = ED24C7CF276F55FA00583D41 /* LandingViewController.swift */; };
		ED24C7D2276F563800583D41 /* HomeViewController.swift in Sources */ = {isa = PBXBuildFile; fileRef = ED24C7D1276F563800583D41 /* HomeViewController.swift */; };
		ED24C7D4276F569B00583D41 /* RegisterViewController.swift in Sources */ = {isa = PBXBuildFile; fileRef = ED24C7D3276F569B00583D41 /* RegisterViewController.swift */; };
		ED24C7D6276F56CC00583D41 /* LoginViewController.swift in Sources */ = {isa = PBXBuildFile; fileRef = ED24C7D5276F56CC00583D41 /* LoginViewController.swift */; };
		ED24C7D9276F644500583D41 /* ImageView.swift in Sources */ = {isa = PBXBuildFile; fileRef = ED24C7D8276F644500583D41 /* ImageView.swift */; };
		ED24C7DB276F647700583D41 /* Activity.swift in Sources */ = {isa = PBXBuildFile; fileRef = ED24C7DA276F647700583D41 /* Activity.swift */; };
		ED29233C274518FA00B1D451 /* User.swift in Sources */ = {isa = PBXBuildFile; fileRef = ED29233B274518FA00B1D451 /* User.swift */; };
		ED2D5BCD2771FFA30027F8B2 /* DataDrCell.swift in Sources */ = {isa = PBXBuildFile; fileRef = ED2D5BCB2771FFA30027F8B2 /* DataDrCell.swift */; };
		ED2D5BCE2771FFA30027F8B2 /* DataDrCell.xib in Resources */ = {isa = PBXBuildFile; fileRef = ED2D5BCC2771FFA30027F8B2 /* DataDrCell.xib */; };
		ED3D471C273A743E00194384 /* AppDelegate.swift in Sources */ = {isa = PBXBuildFile; fileRef = ED3D471B273A743E00194384 /* AppDelegate.swift */; };
		ED3D471E273A743E00194384 /* SceneDelegate.swift in Sources */ = {isa = PBXBuildFile; fileRef = ED3D471D273A743E00194384 /* SceneDelegate.swift */; };
		ED3D4723273A743E00194384 /* Main.storyboard in Resources */ = {isa = PBXBuildFile; fileRef = ED3D4721273A743E00194384 /* Main.storyboard */; };
		ED3D4725273A744000194384 /* Assets.xcassets in Resources */ = {isa = PBXBuildFile; fileRef = ED3D4724273A744000194384 /* Assets.xcassets */; };
		ED3D4728273A744000194384 /* LaunchScreen.storyboard in Resources */ = {isa = PBXBuildFile; fileRef = ED3D4726273A744000194384 /* LaunchScreen.storyboard */; };
		ED3D4733273A744000194384 /* Life_GlucoseTests.swift in Sources */ = {isa = PBXBuildFile; fileRef = ED3D4732273A744000194384 /* Life_GlucoseTests.swift */; };
		ED3D473D273A744000194384 /* Life_GlucoseUITests.swift in Sources */ = {isa = PBXBuildFile; fileRef = ED3D473C273A744000194384 /* Life_GlucoseUITests.swift */; };
		ED3D473F273A744000194384 /* Life_GlucoseUITestsLaunchTests.swift in Sources */ = {isa = PBXBuildFile; fileRef = ED3D473E273A744000194384 /* Life_GlucoseUITestsLaunchTests.swift */; };
		EDC3F038276F9D5C00848D1E /* FirebaseAuth in Frameworks */ = {isa = PBXBuildFile; productRef = EDC3F037276F9D5C00848D1E /* FirebaseAuth */; };
		EDC3F03A276F9D5C00848D1E /* FirebaseFirestore in Frameworks */ = {isa = PBXBuildFile; productRef = EDC3F039276F9D5C00848D1E /* FirebaseFirestore */; };
		EDC3F03C276F9D5C00848D1E /* FirebaseFirestoreSwift-Beta in Frameworks */ = {isa = PBXBuildFile; productRef = EDC3F03B276F9D5C00848D1E /* FirebaseFirestoreSwift-Beta */; };
		EDC3F03E276F9D5C00848D1E /* FirebaseStorage in Frameworks */ = {isa = PBXBuildFile; productRef = EDC3F03D276F9D5C00848D1E /* FirebaseStorage */; };
		EDC3F040276F9D5C00848D1E /* FirebaseStorageSwift-Beta in Frameworks */ = {isa = PBXBuildFile; productRef = EDC3F03F276F9D5C00848D1E /* FirebaseStorageSwift-Beta */; };
		EDD6ABCC277657330017D85A /* DataDr.swift in Sources */ = {isa = PBXBuildFile; fileRef = EDD6ABCB277657320017D85A /* DataDr.swift */; };
		EDD6ABCE27765E810017D85A /* HomeDrVC.swift in Sources */ = {isa = PBXBuildFile; fileRef = EDD6ABCD27765E810017D85A /* HomeDrVC.swift */; };
		EDEDA8B4276C4DA900CA1597 /* GoogleService-Info.plist in Resources */ = {isa = PBXBuildFile; fileRef = EDEDA8B3276C4DA900CA1597 /* GoogleService-Info.plist */; };
/* End PBXBuildFile section */

/* Begin PBXContainerItemProxy section */
		ED3D472F273A744000194384 /* PBXContainerItemProxy */ = {
			isa = PBXContainerItemProxy;
			containerPortal = ED3D4710273A743E00194384 /* Project object */;
			proxyType = 1;
			remoteGlobalIDString = ED3D4717273A743E00194384;
			remoteInfo = "Life Glucose";
		};
		ED3D4739273A744000194384 /* PBXContainerItemProxy */ = {
			isa = PBXContainerItemProxy;
			containerPortal = ED3D4710273A743E00194384 /* Project object */;
			proxyType = 1;
			remoteGlobalIDString = ED3D4717273A743E00194384;
			remoteInfo = "Life Glucose";
		};
/* End PBXContainerItemProxy section */

/* Begin PBXFileReference section */
		ED24C7CF276F55FA00583D41 /* LandingViewController.swift */ = {isa = PBXFileReference; lastKnownFileType = sourcecode.swift; path = LandingViewController.swift; sourceTree = "<group>"; };
		ED24C7D1276F563800583D41 /* HomeViewController.swift */ = {isa = PBXFileReference; lastKnownFileType = sourcecode.swift; path = HomeViewController.swift; sourceTree = "<group>"; };
		ED24C7D3276F569B00583D41 /* RegisterViewController.swift */ = {isa = PBXFileReference; lastKnownFileType = sourcecode.swift; path = RegisterViewController.swift; sourceTree = "<group>"; };
		ED24C7D5276F56CC00583D41 /* LoginViewController.swift */ = {isa = PBXFileReference; lastKnownFileType = sourcecode.swift; path = LoginViewController.swift; sourceTree = "<group>"; };
		ED24C7D8276F644500583D41 /* ImageView.swift */ = {isa = PBXFileReference; lastKnownFileType = sourcecode.swift; path = ImageView.swift; sourceTree = "<group>"; };
		ED24C7DA276F647700583D41 /* Activity.swift */ = {isa = PBXFileReference; lastKnownFileType = sourcecode.swift; path = Activity.swift; sourceTree = "<group>"; };
		ED29233B274518FA00B1D451 /* User.swift */ = {isa = PBXFileReference; lastKnownFileType = sourcecode.swift; path = User.swift; sourceTree = "<group>"; };
		ED2D5BCB2771FFA30027F8B2 /* DataDrCell.swift */ = {isa = PBXFileReference; lastKnownFileType = sourcecode.swift; path = DataDrCell.swift; sourceTree = "<group>"; };
		ED2D5BCC2771FFA30027F8B2 /* DataDrCell.xib */ = {isa = PBXFileReference; lastKnownFileType = file.xib; path = DataDrCell.xib; sourceTree = "<group>"; };
		ED3D4718273A743E00194384 /* Life Glucose.app */ = {isa = PBXFileReference; explicitFileType = wrapper.application; includeInIndex = 0; path = "Life Glucose.app"; sourceTree = BUILT_PRODUCTS_DIR; };
		ED3D471B273A743E00194384 /* AppDelegate.swift */ = {isa = PBXFileReference; lastKnownFileType = sourcecode.swift; path = AppDelegate.swift; sourceTree = "<group>"; };
		ED3D471D273A743E00194384 /* SceneDelegate.swift */ = {isa = PBXFileReference; lastKnownFileType = sourcecode.swift; path = SceneDelegate.swift; sourceTree = "<group>"; };
		ED3D4722273A743E00194384 /* Base */ = {isa = PBXFileReference; lastKnownFileType = file.storyboard; name = Base; path = Base.lproj/Main.storyboard; sourceTree = "<group>"; };
		ED3D4724273A744000194384 /* Assets.xcassets */ = {isa = PBXFileReference; lastKnownFileType = folder.assetcatalog; path = Assets.xcassets; sourceTree = "<group>"; };
		ED3D4727273A744000194384 /* Base */ = {isa = PBXFileReference; lastKnownFileType = file.storyboard; name = Base; path = Base.lproj/LaunchScreen.storyboard; sourceTree = "<group>"; };
		ED3D4729273A744000194384 /* Info.plist */ = {isa = PBXFileReference; lastKnownFileType = text.plist.xml; path = Info.plist; sourceTree = "<group>"; };
		ED3D472E273A744000194384 /* Life GlucoseTests.xctest */ = {isa = PBXFileReference; explicitFileType = wrapper.cfbundle; includeInIndex = 0; path = "Life GlucoseTests.xctest"; sourceTree = BUILT_PRODUCTS_DIR; };
		ED3D4732273A744000194384 /* Life_GlucoseTests.swift */ = {isa = PBXFileReference; lastKnownFileType = sourcecode.swift; path = Life_GlucoseTests.swift; sourceTree = "<group>"; };
		ED3D4738273A744000194384 /* Life GlucoseUITests.xctest */ = {isa = PBXFileReference; explicitFileType = wrapper.cfbundle; includeInIndex = 0; path = "Life GlucoseUITests.xctest"; sourceTree = BUILT_PRODUCTS_DIR; };
		ED3D473C273A744000194384 /* Life_GlucoseUITests.swift */ = {isa = PBXFileReference; lastKnownFileType = sourcecode.swift; path = Life_GlucoseUITests.swift; sourceTree = "<group>"; };
		ED3D473E273A744000194384 /* Life_GlucoseUITestsLaunchTests.swift */ = {isa = PBXFileReference; lastKnownFileType = sourcecode.swift; path = Life_GlucoseUITestsLaunchTests.swift; sourceTree = "<group>"; };
		EDD6ABCB277657320017D85A /* DataDr.swift */ = {isa = PBXFileReference; lastKnownFileType = sourcecode.swift; path = DataDr.swift; sourceTree = "<group>"; };
		EDD6ABCD27765E810017D85A /* HomeDrVC.swift */ = {isa = PBXFileReference; lastKnownFileType = sourcecode.swift; path = HomeDrVC.swift; sourceTree = "<group>"; };
		EDEDA8B3276C4DA900CA1597 /* GoogleService-Info.plist */ = {isa = PBXFileReference; fileEncoding = 4; lastKnownFileType = text.plist.xml; path = "GoogleService-Info.plist"; sourceTree = "<group>"; };
/* End PBXFileReference section */

/* Begin PBXFrameworksBuildPhase section */
		ED3D4715273A743E00194384 /* Frameworks */ = {
			isa = PBXFrameworksBuildPhase;
			buildActionMask = 2147483647;
			files = (
				EDC3F040276F9D5C00848D1E /* FirebaseStorageSwift-Beta in Frameworks */,
				EDC3F03C276F9D5C00848D1E /* FirebaseFirestoreSwift-Beta in Frameworks */,
				EDC3F03E276F9D5C00848D1E /* FirebaseStorage in Frameworks */,
				EDC3F038276F9D5C00848D1E /* FirebaseAuth in Frameworks */,
				EDC3F03A276F9D5C00848D1E /* FirebaseFirestore in Frameworks */,
			);
			runOnlyForDeploymentPostprocessing = 0;
		};
		ED3D472B273A744000194384 /* Frameworks */ = {
			isa = PBXFrameworksBuildPhase;
			buildActionMask = 2147483647;
			files = (
			);
			runOnlyForDeploymentPostprocessing = 0;
		};
		ED3D4735273A744000194384 /* Frameworks */ = {
			isa = PBXFrameworksBuildPhase;
			buildActionMask = 2147483647;
			files = (
			);
			runOnlyForDeploymentPostprocessing = 0;
		};
/* End PBXFrameworksBuildPhase section */

/* Begin PBXGroup section */
		ED24C7D7276F63E400583D41 /* Uitll */ = {
			isa = PBXGroup;
			children = (
				ED24C7D8276F644500583D41 /* ImageView.swift */,
				ED24C7DA276F647700583D41 /* Activity.swift */,
				ED2923382745186E00B1D451 /* View */,
			);
			path = Uitll;
			sourceTree = "<group>";
		};
		ED2923372745185C00B1D451 /* Models */ = {
			isa = PBXGroup;
			children = (
				EDD6ABCB277657320017D85A /* DataDr.swift */,
				ED29233B274518FA00B1D451 /* User.swift */,
			);
			path = Models;
			sourceTree = "<group>";
		};
		ED2923382745186E00B1D451 /* View */ = {
			isa = PBXGroup;
			children = (
				ED3D4721273A743E00194384 /* Main.storyboard */,
				ED2D5BCB2771FFA30027F8B2 /* DataDrCell.swift */,
				ED2D5BCC2771FFA30027F8B2 /* DataDrCell.xib */,
				ED3D4724273A744000194384 /* Assets.xcassets */,
			);
			path = View;
			sourceTree = "<group>";
		};
		ED3D470F273A743E00194384 = {
			isa = PBXGroup;
			children = (
				ED3D471A273A743E00194384 /* Life Glucose */,
				ED3D4731273A744000194384 /* Life GlucoseTests */,
				ED3D473B273A744000194384 /* Life GlucoseUITests */,
				ED3D4719273A743E00194384 /* Products */,
			);
			sourceTree = "<group>";
		};
		ED3D4719273A743E00194384 /* Products */ = {
			isa = PBXGroup;
			children = (
				ED3D4718273A743E00194384 /* Life Glucose.app */,
				ED3D472E273A744000194384 /* Life GlucoseTests.xctest */,
				ED3D4738273A744000194384 /* Life GlucoseUITests.xctest */,
			);
			name = Products;
			sourceTree = "<group>";
		};
		ED3D471A273A743E00194384 /* Life Glucose */ = {
			isa = PBXGroup;
			children = (
				ED2923372745185C00B1D451 /* Models */,
				EDAC9F272777AE6F00745567 /* ViewControllers */,
				ED24C7D7276F63E400583D41 /* Uitll */,
				EDAC9F2627778D3300745567 /* I don't teach */,
				ED3D4726273A744000194384 /* LaunchScreen.storyboard */,
				ED3D4729273A744000194384 /* Info.plist */,
				EDEDA8B3276C4DA900CA1597 /* GoogleService-Info.plist */,
			);
			path = "Life Glucose";
			sourceTree = "<group>";
		};
		ED3D4731273A744000194384 /* Life GlucoseTests */ = {
			isa = PBXGroup;
			children = (
				ED3D4732273A744000194384 /* Life_GlucoseTests.swift */,
			);
			path = "Life GlucoseTests";
			sourceTree = "<group>";
		};
		ED3D473B273A744000194384 /* Life GlucoseUITests */ = {
			isa = PBXGroup;
			children = (
				ED3D473C273A744000194384 /* Life_GlucoseUITests.swift */,
				ED3D473E273A744000194384 /* Life_GlucoseUITestsLaunchTests.swift */,
			);
			path = "Life GlucoseUITests";
			sourceTree = "<group>";
		};
		EDAC9F2627778D3300745567 /* I don't teach */ = {
			isa = PBXGroup;
			children = (
				ED3D471B273A743E00194384 /* AppDelegate.swift */,
				ED3D471D273A743E00194384 /* SceneDelegate.swift */,
			);
			path = "I don't teach";
			sourceTree = "<group>";
		};
		EDAC9F272777AE6F00745567 /* ViewControllers */ = {
			isa = PBXGroup;
			children = (
				ED24C7CF276F55FA00583D41 /* LandingViewController.swift */,
				ED24C7D3276F569B00583D41 /* RegisterViewController.swift */,
				ED24C7D5276F56CC00583D41 /* LoginViewController.swift */,
				ED24C7D1276F563800583D41 /* HomeViewController.swift */,
				EDD6ABCD27765E810017D85A /* HomeDrVC.swift */,
			);
			path = ViewControllers;
			sourceTree = "<group>";
		};
/* End PBXGroup section */

/* Begin PBXNativeTarget section */
		ED3D4717273A743E00194384 /* Life Glucose */ = {
			isa = PBXNativeTarget;
			buildConfigurationList = ED3D4742273A744000194384 /* Build configuration list for PBXNativeTarget "Life Glucose" */;
			buildPhases = (
				ED3D4714273A743E00194384 /* Sources */,
				ED3D4715273A743E00194384 /* Frameworks */,
				ED3D4716273A743E00194384 /* Resources */,
			);
			buildRules = (
			);
			dependencies = (
			);
			name = "Life Glucose";
			packageProductDependencies = (
				EDC3F037276F9D5C00848D1E /* FirebaseAuth */,
				EDC3F039276F9D5C00848D1E /* FirebaseFirestore */,
				EDC3F03B276F9D5C00848D1E /* FirebaseFirestoreSwift-Beta */,
				EDC3F03D276F9D5C00848D1E /* FirebaseStorage */,
				EDC3F03F276F9D5C00848D1E /* FirebaseStorageSwift-Beta */,
			);
			productName = "Life Glucose";
			productReference = ED3D4718273A743E00194384 /* Life Glucose.app */;
			productType = "com.apple.product-type.application";
		};
		ED3D472D273A744000194384 /* Life GlucoseTests */ = {
			isa = PBXNativeTarget;
			buildConfigurationList = ED3D4745273A744000194384 /* Build configuration list for PBXNativeTarget "Life GlucoseTests" */;
			buildPhases = (
				ED3D472A273A744000194384 /* Sources */,
				ED3D472B273A744000194384 /* Frameworks */,
				ED3D472C273A744000194384 /* Resources */,
			);
			buildRules = (
			);
			dependencies = (
				ED3D4730273A744000194384 /* PBXTargetDependency */,
			);
			name = "Life GlucoseTests";
			productName = "Life GlucoseTests";
			productReference = ED3D472E273A744000194384 /* Life GlucoseTests.xctest */;
			productType = "com.apple.product-type.bundle.unit-test";
		};
		ED3D4737273A744000194384 /* Life GlucoseUITests */ = {
			isa = PBXNativeTarget;
			buildConfigurationList = ED3D4748273A744000194384 /* Build configuration list for PBXNativeTarget "Life GlucoseUITests" */;
			buildPhases = (
				ED3D4734273A744000194384 /* Sources */,
				ED3D4735273A744000194384 /* Frameworks */,
				ED3D4736273A744000194384 /* Resources */,
			);
			buildRules = (
			);
			dependencies = (
				ED3D473A273A744000194384 /* PBXTargetDependency */,
			);
			name = "Life GlucoseUITests";
			productName = "Life GlucoseUITests";
			productReference = ED3D4738273A744000194384 /* Life GlucoseUITests.xctest */;
			productType = "com.apple.product-type.bundle.ui-testing";
		};
/* End PBXNativeTarget section */

/* Begin PBXProject section */
		ED3D4710273A743E00194384 /* Project object */ = {
			isa = PBXProject;
			attributes = {
				BuildIndependentTargetsInParallel = 1;
				LastSwiftUpdateCheck = 1310;
				LastUpgradeCheck = 1310;
				TargetAttributes = {
					ED3D4717273A743E00194384 = {
						CreatedOnToolsVersion = 13.1;
					};
					ED3D472D273A744000194384 = {
						CreatedOnToolsVersion = 13.1;
						TestTargetID = ED3D4717273A743E00194384;
					};
					ED3D4737273A744000194384 = {
						CreatedOnToolsVersion = 13.1;
						TestTargetID = ED3D4717273A743E00194384;
					};
				};
			};
			buildConfigurationList = ED3D4713273A743E00194384 /* Build configuration list for PBXProject "Life Glucose" */;
			compatibilityVersion = "Xcode 13.0";
			developmentRegion = en;
			hasScannedForEncodings = 0;
			knownRegions = (
				en,
				Base,
			);
			mainGroup = ED3D470F273A743E00194384;
			packageReferences = (
				EDC3F036276F9D5C00848D1E /* XCRemoteSwiftPackageReference "firebase-ios-sdk" */,
			);
			productRefGroup = ED3D4719273A743E00194384 /* Products */;
			projectDirPath = "";
			projectRoot = "";
			targets = (
				ED3D4717273A743E00194384 /* Life Glucose */,
				ED3D472D273A744000194384 /* Life GlucoseTests */,
				ED3D4737273A744000194384 /* Life GlucoseUITests */,
			);
		};
/* End PBXProject section */

/* Begin PBXResourcesBuildPhase section */
		ED3D4716273A743E00194384 /* Resources */ = {
			isa = PBXResourcesBuildPhase;
			buildActionMask = 2147483647;
			files = (
				ED3D4728273A744000194384 /* LaunchScreen.storyboard in Resources */,
				EDEDA8B4276C4DA900CA1597 /* GoogleService-Info.plist in Resources */,
				ED3D4725273A744000194384 /* Assets.xcassets in Resources */,
				ED3D4723273A743E00194384 /* Main.storyboard in Resources */,
				ED2D5BCE2771FFA30027F8B2 /* DataDrCell.xib in Resources */,
			);
			runOnlyForDeploymentPostprocessing = 0;
		};
		ED3D472C273A744000194384 /* Resources */ = {
			isa = PBXResourcesBuildPhase;
			buildActionMask = 2147483647;
			files = (
			);
			runOnlyForDeploymentPostprocessing = 0;
		};
		ED3D4736273A744000194384 /* Resources */ = {
			isa = PBXResourcesBuildPhase;
			buildActionMask = 2147483647;
			files = (
			);
			runOnlyForDeploymentPostprocessing = 0;
		};
/* End PBXResourcesBuildPhase section */

/* Begin PBXSourcesBuildPhase section */
		ED3D4714273A743E00194384 /* Sources */ = {
			isa = PBXSourcesBuildPhase;
			buildActionMask = 2147483647;
			files = (
				ED24C7D4276F569B00583D41 /* RegisterViewController.swift in Sources */,
				ED29233C274518FA00B1D451 /* User.swift in Sources */,
				ED24C7D9276F644500583D41 /* ImageView.swift in Sources */,
				ED24C7D2276F563800583D41 /* HomeViewController.swift in Sources */,
				ED24C7DB276F647700583D41 /* Activity.swift in Sources */,
				ED2D5BCD2771FFA30027F8B2 /* DataDrCell.swift in Sources */,
				ED3D471C273A743E00194384 /* AppDelegate.swift in Sources */,
				EDD6ABCE27765E810017D85A /* HomeDrVC.swift in Sources */,
				EDD6ABCC277657330017D85A /* DataDr.swift in Sources */,
				ED24C7D0276F55FA00583D41 /* LandingViewController.swift in Sources */,
				ED24C7D6276F56CC00583D41 /* LoginViewController.swift in Sources */,
				ED3D471E273A743E00194384 /* SceneDelegate.swift in Sources */,
			);
			runOnlyForDeploymentPostprocessing = 0;
		};
		ED3D472A273A744000194384 /* Sources */ = {
			isa = PBXSourcesBuildPhase;
			buildActionMask = 2147483647;
			files = (
				ED3D4733273A744000194384 /* Life_GlucoseTests.swift in Sources */,
			);
			runOnlyForDeploymentPostprocessing = 0;
		};
		ED3D4734273A744000194384 /* Sources */ = {
			isa = PBXSourcesBuildPhase;
			buildActionMask = 2147483647;
			files = (
				ED3D473D273A744000194384 /* Life_GlucoseUITests.swift in Sources */,
				ED3D473F273A744000194384 /* Life_GlucoseUITestsLaunchTests.swift in Sources */,
			);
			runOnlyForDeploymentPostprocessing = 0;
		};
/* End PBXSourcesBuildPhase section */

/* Begin PBXTargetDependency section */
		ED3D4730273A744000194384 /* PBXTargetDependency */ = {
			isa = PBXTargetDependency;
			target = ED3D4717273A743E00194384 /* Life Glucose */;
			targetProxy = ED3D472F273A744000194384 /* PBXContainerItemProxy */;
		};
		ED3D473A273A744000194384 /* PBXTargetDependency */ = {
			isa = PBXTargetDependency;
			target = ED3D4717273A743E00194384 /* Life Glucose */;
			targetProxy = ED3D4739273A744000194384 /* PBXContainerItemProxy */;
		};
/* End PBXTargetDependency section */

/* Begin PBXVariantGroup section */
		ED3D4721273A743E00194384 /* Main.storyboard */ = {
			isa = PBXVariantGroup;
			children = (
				ED3D4722273A743E00194384 /* Base */,
			);
			name = Main.storyboard;
			sourceTree = "<group>";
		};
		ED3D4726273A744000194384 /* LaunchScreen.storyboard */ = {
			isa = PBXVariantGroup;
			children = (
				ED3D4727273A744000194384 /* Base */,
			);
			name = LaunchScreen.storyboard;
			sourceTree = "<group>";
		};
/* End PBXVariantGroup section */

/* Begin XCBuildConfiguration section */
		ED3D4740273A744000194384 /* Debug */ = {
			isa = XCBuildConfiguration;
			buildSettings = {
				ALWAYS_SEARCH_USER_PATHS = NO;
				CLANG_ANALYZER_NONNULL = YES;
				CLANG_ANALYZER_NUMBER_OBJECT_CONVERSION = YES_AGGRESSIVE;
				CLANG_CXX_LANGUAGE_STANDARD = "gnu++17";
				CLANG_CXX_LIBRARY = "libc++";
				CLANG_ENABLE_MODULES = YES;
				CLANG_ENABLE_OBJC_ARC = YES;
				CLANG_ENABLE_OBJC_WEAK = YES;
				CLANG_WARN_BLOCK_CAPTURE_AUTORELEASING = YES;
				CLANG_WARN_BOOL_CONVERSION = YES;
				CLANG_WARN_COMMA = YES;
				CLANG_WARN_CONSTANT_CONVERSION = YES;
				CLANG_WARN_DEPRECATED_OBJC_IMPLEMENTATIONS = YES;
				CLANG_WARN_DIRECT_OBJC_ISA_USAGE = YES_ERROR;
				CLANG_WARN_DOCUMENTATION_COMMENTS = YES;
				CLANG_WARN_EMPTY_BODY = YES;
				CLANG_WARN_ENUM_CONVERSION = YES;
				CLANG_WARN_INFINITE_RECURSION = YES;
				CLANG_WARN_INT_CONVERSION = YES;
				CLANG_WARN_NON_LITERAL_NULL_CONVERSION = YES;
				CLANG_WARN_OBJC_IMPLICIT_RETAIN_SELF = YES;
				CLANG_WARN_OBJC_LITERAL_CONVERSION = YES;
				CLANG_WARN_OBJC_ROOT_CLASS = YES_ERROR;
				CLANG_WARN_QUOTED_INCLUDE_IN_FRAMEWORK_HEADER = YES;
				CLANG_WARN_RANGE_LOOP_ANALYSIS = YES;
				CLANG_WARN_STRICT_PROTOTYPES = YES;
				CLANG_WARN_SUSPICIOUS_MOVE = YES;
				CLANG_WARN_UNGUARDED_AVAILABILITY = YES_AGGRESSIVE;
				CLANG_WARN_UNREACHABLE_CODE = YES;
				CLANG_WARN__DUPLICATE_METHOD_MATCH = YES;
				COPY_PHASE_STRIP = NO;
				DEBUG_INFORMATION_FORMAT = dwarf;
				ENABLE_STRICT_OBJC_MSGSEND = YES;
				ENABLE_TESTABILITY = YES;
				GCC_C_LANGUAGE_STANDARD = gnu11;
				GCC_DYNAMIC_NO_PIC = NO;
				GCC_NO_COMMON_BLOCKS = YES;
				GCC_OPTIMIZATION_LEVEL = 0;
				GCC_PREPROCESSOR_DEFINITIONS = (
					"DEBUG=1",
					"$(inherited)",
				);
				GCC_WARN_64_TO_32_BIT_CONVERSION = YES;
				GCC_WARN_ABOUT_RETURN_TYPE = YES_ERROR;
				GCC_WARN_UNDECLARED_SELECTOR = YES;
				GCC_WARN_UNINITIALIZED_AUTOS = YES_AGGRESSIVE;
				GCC_WARN_UNUSED_FUNCTION = YES;
				GCC_WARN_UNUSED_VARIABLE = YES;
				IPHONEOS_DEPLOYMENT_TARGET = 15.0;
				MTL_ENABLE_DEBUG_INFO = INCLUDE_SOURCE;
				MTL_FAST_MATH = YES;
				ONLY_ACTIVE_ARCH = YES;
				SDKROOT = iphoneos;
				SWIFT_ACTIVE_COMPILATION_CONDITIONS = DEBUG;
				SWIFT_OPTIMIZATION_LEVEL = "-Onone";
			};
			name = Debug;
		};
		ED3D4741273A744000194384 /* Release */ = {
			isa = XCBuildConfiguration;
			buildSettings = {
				ALWAYS_SEARCH_USER_PATHS = NO;
				CLANG_ANALYZER_NONNULL = YES;
				CLANG_ANALYZER_NUMBER_OBJECT_CONVERSION = YES_AGGRESSIVE;
				CLANG_CXX_LANGUAGE_STANDARD = "gnu++17";
				CLANG_CXX_LIBRARY = "libc++";
				CLANG_ENABLE_MODULES = YES;
				CLANG_ENABLE_OBJC_ARC = YES;
				CLANG_ENABLE_OBJC_WEAK = YES;
				CLANG_WARN_BLOCK_CAPTURE_AUTORELEASING = YES;
				CLANG_WARN_BOOL_CONVERSION = YES;
				CLANG_WARN_COMMA = YES;
				CLANG_WARN_CONSTANT_CONVERSION = YES;
				CLANG_WARN_DEPRECATED_OBJC_IMPLEMENTATIONS = YES;
				CLANG_WARN_DIRECT_OBJC_ISA_USAGE = YES_ERROR;
				CLANG_WARN_DOCUMENTATION_COMMENTS = YES;
				CLANG_WARN_EMPTY_BODY = YES;
				CLANG_WARN_ENUM_CONVERSION = YES;
				CLANG_WARN_INFINITE_RECURSION = YES;
				CLANG_WARN_INT_CONVERSION = YES;
				CLANG_WARN_NON_LITERAL_NULL_CONVERSION = YES;
				CLANG_WARN_OBJC_IMPLICIT_RETAIN_SELF = YES;
				CLANG_WARN_OBJC_LITERAL_CONVERSION = YES;
				CLANG_WARN_OBJC_ROOT_CLASS = YES_ERROR;
				CLANG_WARN_QUOTED_INCLUDE_IN_FRAMEWORK_HEADER = YES;
				CLANG_WARN_RANGE_LOOP_ANALYSIS = YES;
				CLANG_WARN_STRICT_PROTOTYPES = YES;
				CLANG_WARN_SUSPICIOUS_MOVE = YES;
				CLANG_WARN_UNGUARDED_AVAILABILITY = YES_AGGRESSIVE;
				CLANG_WARN_UNREACHABLE_CODE = YES;
				CLANG_WARN__DUPLICATE_METHOD_MATCH = YES;
				COPY_PHASE_STRIP = NO;
				DEBUG_INFORMATION_FORMAT = "dwarf-with-dsym";
				ENABLE_NS_ASSERTIONS = NO;
				ENABLE_STRICT_OBJC_MSGSEND = YES;
				GCC_C_LANGUAGE_STANDARD = gnu11;
				GCC_NO_COMMON_BLOCKS = YES;
				GCC_WARN_64_TO_32_BIT_CONVERSION = YES;
				GCC_WARN_ABOUT_RETURN_TYPE = YES_ERROR;
				GCC_WARN_UNDECLARED_SELECTOR = YES;
				GCC_WARN_UNINITIALIZED_AUTOS = YES_AGGRESSIVE;
				GCC_WARN_UNUSED_FUNCTION = YES;
				GCC_WARN_UNUSED_VARIABLE = YES;
				IPHONEOS_DEPLOYMENT_TARGET = 15.0;
				MTL_ENABLE_DEBUG_INFO = NO;
				MTL_FAST_MATH = YES;
				SDKROOT = iphoneos;
				SWIFT_COMPILATION_MODE = wholemodule;
				SWIFT_OPTIMIZATION_LEVEL = "-O";
				VALIDATE_PRODUCT = YES;
			};
			name = Release;
		};
		ED3D4743273A744000194384 /* Debug */ = {
			isa = XCBuildConfiguration;
			buildSettings = {
				ASSETCATALOG_COMPILER_APPICON_NAME = AppIcon;
				ASSETCATALOG_COMPILER_GLOBAL_ACCENT_COLOR_NAME = AccentColor;
				CODE_SIGN_STYLE = Automatic;
				CURRENT_PROJECT_VERSION = 1;
				GENERATE_INFOPLIST_FILE = YES;
				INFOPLIST_FILE = "Life Glucose/Info.plist";
				INFOPLIST_KEY_UIApplicationSupportsIndirectInputEvents = YES;
				INFOPLIST_KEY_UILaunchStoryboardName = LaunchScreen;
				INFOPLIST_KEY_UIMainStoryboardFile = Main;
				INFOPLIST_KEY_UISupportedInterfaceOrientations_iPad = "UIInterfaceOrientationPortrait UIInterfaceOrientationPortraitUpsideDown UIInterfaceOrientationLandscapeLeft UIInterfaceOrientationLandscapeRight";
				INFOPLIST_KEY_UISupportedInterfaceOrientations_iPhone = "UIInterfaceOrientationPortrait UIInterfaceOrientationLandscapeLeft UIInterfaceOrientationLandscapeRight";
				LD_RUNPATH_SEARCH_PATHS = (
					"$(inherited)",
					"@executable_path/Frameworks",
				);
				MARKETING_VERSION = 1.0;
				PRODUCT_BUNDLE_IDENTIFIER = "grand.com.Life-Glucose";
				PRODUCT_NAME = "$(TARGET_NAME)";
				SWIFT_EMIT_LOC_STRINGS = YES;
				SWIFT_VERSION = 5.0;
				TARGETED_DEVICE_FAMILY = "1,2";
			};
			name = Debug;
		};
		ED3D4744273A744000194384 /* Release */ = {
			isa = XCBuildConfiguration;
			buildSettings = {
				ASSETCATALOG_COMPILER_APPICON_NAME = AppIcon;
				ASSETCATALOG_COMPILER_GLOBAL_ACCENT_COLOR_NAME = AccentColor;
				CODE_SIGN_STYLE = Automatic;
				CURRENT_PROJECT_VERSION = 1;
				GENERATE_INFOPLIST_FILE = YES;
				INFOPLIST_FILE = "Life Glucose/Info.plist";
				INFOPLIST_KEY_UIApplicationSupportsIndirectInputEvents = YES;
				INFOPLIST_KEY_UILaunchStoryboardName = LaunchScreen;
				INFOPLIST_KEY_UIMainStoryboardFile = Main;
				INFOPLIST_KEY_UISupportedInterfaceOrientations_iPad = "UIInterfaceOrientationPortrait UIInterfaceOrientationPortraitUpsideDown UIInterfaceOrientationLandscapeLeft UIInterfaceOrientationLandscapeRight";
				INFOPLIST_KEY_UISupportedInterfaceOrientations_iPhone = "UIInterfaceOrientationPortrait UIInterfaceOrientationLandscapeLeft UIInterfaceOrientationLandscapeRight";
				LD_RUNPATH_SEARCH_PATHS = (
					"$(inherited)",
					"@executable_path/Frameworks",
				);
				MARKETING_VERSION = 1.0;
				PRODUCT_BUNDLE_IDENTIFIER = "grand.com.Life-Glucose";
				PRODUCT_NAME = "$(TARGET_NAME)";
				SWIFT_EMIT_LOC_STRINGS = YES;
				SWIFT_VERSION = 5.0;
				TARGETED_DEVICE_FAMILY = "1,2";
			};
			name = Release;
		};
		ED3D4746273A744000194384 /* Debug */ = {
			isa = XCBuildConfiguration;
			buildSettings = {
				ALWAYS_EMBED_SWIFT_STANDARD_LIBRARIES = YES;
				BUNDLE_LOADER = "$(TEST_HOST)";
				CODE_SIGN_STYLE = Automatic;
				CURRENT_PROJECT_VERSION = 1;
				GENERATE_INFOPLIST_FILE = YES;
				IPHONEOS_DEPLOYMENT_TARGET = 15.0;
				LD_RUNPATH_SEARCH_PATHS = (
					"$(inherited)",
					"@executable_path/Frameworks",
					"@loader_path/Frameworks",
				);
				MARKETING_VERSION = 1.0;
				PRODUCT_BUNDLE_IDENTIFIER = "grand.com.Life-GlucoseTests";
				PRODUCT_NAME = "$(TARGET_NAME)";
				SWIFT_EMIT_LOC_STRINGS = NO;
				SWIFT_VERSION = 5.0;
				TARGETED_DEVICE_FAMILY = "1,2";
				TEST_HOST = "$(BUILT_PRODUCTS_DIR)/Life Glucose.app/Life Glucose";
			};
			name = Debug;
		};
		ED3D4747273A744000194384 /* Release */ = {
			isa = XCBuildConfiguration;
			buildSettings = {
				ALWAYS_EMBED_SWIFT_STANDARD_LIBRARIES = YES;
				BUNDLE_LOADER = "$(TEST_HOST)";
				CODE_SIGN_STYLE = Automatic;
				CURRENT_PROJECT_VERSION = 1;
				GENERATE_INFOPLIST_FILE = YES;
				IPHONEOS_DEPLOYMENT_TARGET = 15.0;
				LD_RUNPATH_SEARCH_PATHS = (
					"$(inherited)",
					"@executable_path/Frameworks",
					"@loader_path/Frameworks",
				);
				MARKETING_VERSION = 1.0;
				PRODUCT_BUNDLE_IDENTIFIER = "grand.com.Life-GlucoseTests";
				PRODUCT_NAME = "$(TARGET_NAME)";
				SWIFT_EMIT_LOC_STRINGS = NO;
				SWIFT_VERSION = 5.0;
				TARGETED_DEVICE_FAMILY = "1,2";
				TEST_HOST = "$(BUILT_PRODUCTS_DIR)/Life Glucose.app/Life Glucose";
			};
			name = Release;
		};
		ED3D4749273A744000194384 /* Debug */ = {
			isa = XCBuildConfiguration;
			buildSettings = {
				ALWAYS_EMBED_SWIFT_STANDARD_LIBRARIES = YES;
				CODE_SIGN_STYLE = Automatic;
				CURRENT_PROJECT_VERSION = 1;
				GENERATE_INFOPLIST_FILE = YES;
				LD_RUNPATH_SEARCH_PATHS = (
					"$(inherited)",
					"@executable_path/Frameworks",
					"@loader_path/Frameworks",
				);
				MARKETING_VERSION = 1.0;
				PRODUCT_BUNDLE_IDENTIFIER = "grand.com.Life-GlucoseUITests";
				PRODUCT_NAME = "$(TARGET_NAME)";
				SWIFT_EMIT_LOC_STRINGS = NO;
				SWIFT_VERSION = 5.0;
				TARGETED_DEVICE_FAMILY = "1,2";
				TEST_TARGET_NAME = "Life Glucose";
			};
			name = Debug;
		};
		ED3D474A273A744000194384 /* Release */ = {
			isa = XCBuildConfiguration;
			buildSettings = {
				ALWAYS_EMBED_SWIFT_STANDARD_LIBRARIES = YES;
				CODE_SIGN_STYLE = Automatic;
				CURRENT_PROJECT_VERSION = 1;
				GENERATE_INFOPLIST_FILE = YES;
				LD_RUNPATH_SEARCH_PATHS = (
					"$(inherited)",
					"@executable_path/Frameworks",
					"@loader_path/Frameworks",
				);
				MARKETING_VERSION = 1.0;
				PRODUCT_BUNDLE_IDENTIFIER = "grand.com.Life-GlucoseUITests";
				PRODUCT_NAME = "$(TARGET_NAME)";
				SWIFT_EMIT_LOC_STRINGS = NO;
				SWIFT_VERSION = 5.0;
				TARGETED_DEVICE_FAMILY = "1,2";
				TEST_TARGET_NAME = "Life Glucose";
			};
			name = Release;
		};
/* End XCBuildConfiguration section */

/* Begin XCConfigurationList section */
		ED3D4713273A743E00194384 /* Build configuration list for PBXProject "Life Glucose" */ = {
			isa = XCConfigurationList;
			buildConfigurations = (
				ED3D4740273A744000194384 /* Debug */,
				ED3D4741273A744000194384 /* Release */,
			);
			defaultConfigurationIsVisible = 0;
			defaultConfigurationName = Release;
		};
		ED3D4742273A744000194384 /* Build configuration list for PBXNativeTarget "Life Glucose" */ = {
			isa = XCConfigurationList;
			buildConfigurations = (
				ED3D4743273A744000194384 /* Debug */,
				ED3D4744273A744000194384 /* Release */,
			);
			defaultConfigurationIsVisible = 0;
			defaultConfigurationName = Release;
		};
		ED3D4745273A744000194384 /* Build configuration list for PBXNativeTarget "Life GlucoseTests" */ = {
			isa = XCConfigurationList;
			buildConfigurations = (
				ED3D4746273A744000194384 /* Debug */,
				ED3D4747273A744000194384 /* Release */,
			);
			defaultConfigurationIsVisible = 0;
			defaultConfigurationName = Release;
		};
		ED3D4748273A744000194384 /* Build configuration list for PBXNativeTarget "Life GlucoseUITests" */ = {
			isa = XCConfigurationList;
			buildConfigurations = (
				ED3D4749273A744000194384 /* Debug */,
				ED3D474A273A744000194384 /* Release */,
			);
			defaultConfigurationIsVisible = 0;
			defaultConfigurationName = Release;
		};
/* End XCConfigurationList section */

/* Begin XCRemoteSwiftPackageReference section */
		EDC3F036276F9D5C00848D1E /* XCRemoteSwiftPackageReference "firebase-ios-sdk" */ = {
			isa = XCRemoteSwiftPackageReference;
			repositoryURL = "https://github.com/firebase/firebase-ios-sdk";
			requirement = {
				branch = master;
				kind = branch;
			};
		};
/* End XCRemoteSwiftPackageReference section */

/* Begin XCSwiftPackageProductDependency section */
		EDC3F037276F9D5C00848D1E /* FirebaseAuth */ = {
			isa = XCSwiftPackageProductDependency;
			package = EDC3F036276F9D5C00848D1E /* XCRemoteSwiftPackageReference "firebase-ios-sdk" */;
			productName = FirebaseAuth;
		};
		EDC3F039276F9D5C00848D1E /* FirebaseFirestore */ = {
			isa = XCSwiftPackageProductDependency;
			package = EDC3F036276F9D5C00848D1E /* XCRemoteSwiftPackageReference "firebase-ios-sdk" */;
			productName = FirebaseFirestore;
		};
		EDC3F03B276F9D5C00848D1E /* FirebaseFirestoreSwift-Beta */ = {
			isa = XCSwiftPackageProductDependency;
			package = EDC3F036276F9D5C00848D1E /* XCRemoteSwiftPackageReference "firebase-ios-sdk" */;
			productName = "FirebaseFirestoreSwift-Beta";
		};
		EDC3F03D276F9D5C00848D1E /* FirebaseStorage */ = {
			isa = XCSwiftPackageProductDependency;
			package = EDC3F036276F9D5C00848D1E /* XCRemoteSwiftPackageReference "firebase-ios-sdk" */;
			productName = FirebaseStorage;
		};
		EDC3F03F276F9D5C00848D1E /* FirebaseStorageSwift-Beta */ = {
			isa = XCSwiftPackageProductDependency;
			package = EDC3F036276F9D5C00848D1E /* XCRemoteSwiftPackageReference "firebase-ios-sdk" */;
			productName = "FirebaseStorageSwift-Beta";
		};
/* End XCSwiftPackageProductDependency section */
	};
	rootObject = ED3D4710273A743E00194384 /* Project object */;
}
